
Microsoft Visual Studio Solution File, Format Version 12.00
# Visual Studio 2013
VisualStudioVersion = 12.0.40629.0
MinimumVisualStudioVersion = 10.0.40219.1
Project("{FAE04EC0-301F-11D3-BF4B-00C04F79EFBC}") = "EncryptASMX", "EncryptASMX\EncryptASMX.csproj", "{B6353BA5-41BD-4E5E-969C-E15D73BF843C}"
EndProject
Project("{FAE04EC0-301F-11D3-BF4B-00C04F79EFBC}") = "AuthExtension", "AuthExtension\AuthExtension.csproj", "{2312E3BA-2A85-4953-BA29-E94508E5F751}"
EndProject
Project("{FAE04EC0-301F-11D3-BF4B-00C04F79EFBC}") = "AuthHeader", "AuthHeader\AuthHeader.csproj", "{995FD392-318F-4B10-BD12-9235DB3EF3A9}"
EndProject
Project("{FAE04EC0-301F-11D3-BF4B-00C04F79EFBC}") = "EncryptClass", "EncryptClass\EncryptClass.csproj", "{9A7F25B7-CA78-42FF-868F-BEA99F972E18}"
EndProject
Project("{FAE04EC0-301F-11D3-BF4B-00C04F79EFBC}") = "ConsoleClient", "ConsoleClient\ConsoleClient.csproj", "{C987DFC7-A7B3-4E57-8F2F-8AEB455C3655}"
	ProjectSection(ProjectDependencies) = postProject
		{B6353BA5-41BD-4E5E-969C-E15D73BF843C} = {B6353BA5-41BD-4E5E-969C-E15D73BF843C}
	EndProjectSection
EndProject
Global
	GlobalSection(SolutionConfigurationPlatforms) = preSolution
		Debug|Any CPU = Debug|Any CPU
		Release|Any CPU = Release|Any CPU
	EndGlobalSection
	GlobalSection(ProjectConfigurationPlatforms) = postSolution
		{B6353BA5-41BD-4E5E-969C-E15D73BF843C}.Debug|Any CPU.ActiveCfg = Debug|Any CPU
		{B6353BA5-41BD-4E5E-969C-E15D73BF843C}.Debug|Any CPU.Build.0 = Debug|Any CPU
		{B6353BA5-41BD-4E5E-969C-E15D73BF843C}.Release|Any CPU.ActiveCfg = Release|Any CPU
		{B6353BA5-41BD-4E5E-969C-E15D73BF843C}.Release|Any CPU.Build.0 = Release|Any CPU
		{2312E3BA-2A85-4953-BA29-E94508E5F751}.Debug|Any CPU.ActiveCfg = Debug|Any CPU
		{2312E3BA-2A85-4953-BA29-E94508E5F751}.Debug|Any CPU.Build.0 = Debug|Any CPU
		{2312E3BA-2A85-4953-BA29-E94508E5F751}.Release|Any CPU.ActiveCfg = Release|Any CPU
		{2312E3BA-2A85-4953-BA29-E94508E5F751}.Release|Any CPU.Build.0 = Release|Any CPU
		{995FD392-318F-4B10-BD12-9235DB3EF3A9}.Debug|Any CPU.ActiveCfg = Debug|Any CPU
		{995FD392-318F-4B10-BD12-9235DB3EF3A9}.Debug|Any CPU.Build.0 = Debug|Any CPU
		{995FD392-318F-4B10-BD12-9235DB3EF3A9}.Release|Any CPU.ActiveCfg = Release|Any CPU
		{995FD392-318F-4B10-BD12-9235DB3EF3A9}.Release|Any CPU.Build.0 = Release|Any CPU
		{9A7F25B7-CA78-42FF-868F-BEA99F972E18}.Debug|Any CPU.ActiveCfg = Debug|Any CPU
		{9A7F25B7-CA78-42FF-868F-BEA99F972E18}.Debug|Any CPU.Build.0 = Debug|Any CPU
		{9A7F25B7-CA78-42FF-868F-BEA99F972E18}.Release|Any CPU.ActiveCfg = Release|Any CPU
		{9A7F25B7-CA78-42FF-868F-BEA99F972E18}.Release|Any CPU.Build.0 = Release|Any CPU
		{C987DFC7-A7B3-4E57-8F2F-8AEB455C3655}.Debug|Any CPU.ActiveCfg = Debug|Any CPU
		{C987DFC7-A7B3-4E57-8F2F-8AEB455C3655}.Debug|Any CPU.Build.0 = Debug|Any CPU
		{C987DFC7-A7B3-4E57-8F2F-8AEB455C3655}.Release|Any CPU.ActiveCfg = Release|Any CPU
		{C987DFC7-A7B3-4E57-8F2F-8AEB455C3655}.Release|Any CPU.Build.0 = Release|Any CPU
	EndGlobalSection
	GlobalSection(SolutionProperties) = preSolution
		HideSolutionNode = FALSE
	EndGlobalSection
EndGlobal
